
Microsoft Visual Studio Solution File, Format Version 12.00
# Visual Studio Version 17
VisualStudioVersion = 17.0.31903.59
MinimumVisualStudioVersion = 10.0.40219.1
Project("{2150E333-8FDC-42A3-9474-1A3956D46DE8}") = "src", "src", "{D7D1DF24-DF3E-4D1E-8545-7378BD28951B}"
EndProject
Project("{FAE04EC0-301F-11D3-BF4B-00C04F79EFBC}") = "Jobs.Domain", "src\Services\Jobs\Jobs.Domain\Jobs.Domain.csproj", "{5E92D5FB-6E25-4271-AFB6-BFE0D7A6129C}"
EndProject
Project("{FAE04EC0-301F-11D3-BF4B-00C04F79EFBC}") = "Jobs.Api", "src\Services\Jobs\Jobs.Api\Jobs.Api.csproj", "{8DD32730-DBDD-4F35-856B-823473A835F0}"
EndProject
Project("{2150E333-8FDC-42A3-9474-1A3956D46DE8}") = "Services", "Services", "{19B01E5A-661D-4C64-ADFD-818611B2B0AC}"
EndProject
Project("{2150E333-8FDC-42A3-9474-1A3956D46DE8}") = "Jobs", "Jobs", "{2C595EB4-116E-4D72-95C3-55DDE3BD0C76}"
EndProject
Project("{FAE04EC0-301F-11D3-BF4B-00C04F79EFBC}") = "Jobs.Application", "src\Services\Jobs\Jobs.Application\Jobs.Application.csproj", "{D3B3ADC7-EF09-4EEE-97CD-9CBFCEE9DFA1}"
EndProject
Project("{FAE04EC0-301F-11D3-BF4B-00C04F79EFBC}") = "Jobs.Infraestructure", "src\Services\Jobs\Jobs.Infraestructure\Jobs.Infraestructure.csproj", "{F04BB512-DA86-43A5-8195-6D9846A0C5DD}"
EndProject
Project("{2150E333-8FDC-42A3-9474-1A3956D46DE8}") = "Infraestructure", "Infraestructure", "{6C026564-C137-4DC6-B026-793BD606B04D}"
EndProject
Project("{2150E333-8FDC-42A3-9474-1A3956D46DE8}") = "Migrations", "Migrations", "{37D458E8-273F-4AAE-B06C-06C460D188C3}"
EndProject
Project("{FAE04EC0-301F-11D3-BF4B-00C04F79EFBC}") = "Infraestructure.Migrations", "src\Infraestructure\Migrations\Infraestructure.Migrations\Infraestructure.Migrations.csproj", "{CBBA8807-45C6-4413-9F1E-789AC2809EA0}"
EndProject
Project("{FAE04EC0-301F-11D3-BF4B-00C04F79EFBC}") = "Jobs.UnitTests", "src\Services\Jobs\Jobs.UnitTests\Jobs.UnitTests.csproj", "{C9176885-C7D3-40EB-9A2E-68AEFA2C4CA6}"
EndProject
Project("{2150E333-8FDC-42A3-9474-1A3956D46DE8}") = "Data", "Data", "{C906B309-4679-4909-83FF-B13C02648D70}"
EndProject
Project("{FAE04EC0-301F-11D3-BF4B-00C04F79EFBC}") = "Infraestructure.Data.IntegrationTests", "src\Infraestructure\Data\Infraestructure.Data.IntegrationTests\Infraestructure.Data.IntegrationTests.csproj", "{1AE35331-5F80-4BE2-A610-499207DB8961}"
EndProject
Project("{FAE04EC0-301F-11D3-BF4B-00C04F79EFBC}") = "Jobs.IntegrationTests", "src\Services\Jobs\Jobs.IntegrationTests\Jobs.IntegrationTests.csproj", "{2A326B3D-62C9-4ABA-A50E-22272853DE65}"
EndProject
Project("{FAE04EC0-301F-11D3-BF4B-00C04F79EFBC}") = "Infraestructure.Data", "src\Infraestructure\Data\Infraestructure.Data\Infraestructure.Data.csproj", "{D2A57C21-ECB9-4CE3-A206-D2508EA712BB}"
EndProject
Project("{2150E333-8FDC-42A3-9474-1A3956D46DE8}") = "RabbitMq", "RabbitMq", "{1E07D130-A3D9-49A3-B808-76839A90A71F}"
EndProject
Project("{FAE04EC0-301F-11D3-BF4B-00C04F79EFBC}") = "Infraestructure.RabbitMq", "src\Infraestructure\RabbitMq\Infraestructure.RabbitMq\Infraestructure.RabbitMq.csproj", "{C121E188-842C-4D60-B093-77602F135E77}"
EndProject
Project("{2150E333-8FDC-42A3-9474-1A3956D46DE8}") = "Utils", "Utils", "{2C9E3C08-55EB-4066-9559-1F0E15336BD7}"
EndProject
Project("{FAE04EC0-301F-11D3-BF4B-00C04F79EFBC}") = "Infraestructure.Utils", "src\Infraestructure\Utils\Infraestructure.Utils\Infraestructure.Utils.csproj", "{519D6A36-BBAA-468B-83DA-E6DD5665E8F1}"
EndProject
Project("{2150E333-8FDC-42A3-9474-1A3956D46DE8}") = "Elasticsearch", "Elasticsearch", "{85501BF7-60CB-42DD-B12A-953D589C3BD4}"
EndProject
Project("{FAE04EC0-301F-11D3-BF4B-00C04F79EFBC}") = "Infraestructure.Elasticsearch.UnitTests", "src\Infraestructure\Elasticsearch\Infraestructure.Elasticsearch.UnitTests\Infraestructure.Elasticsearch.UnitTests.csproj", "{113AEADD-F794-4DE5-8D82-05D4A5122791}"
EndProject
Project("{FAE04EC0-301F-11D3-BF4B-00C04F79EFBC}") = "Infraestructure.Utils.UnitTests", "src\Infraestructure\Utils\Infraestructure.Utils.UnitTests\Infraestructure.Utils.UnitTests.csproj", "{F9329D55-37FC-43FD-8F7D-B6528CCA504C}"
EndProject
Global
	GlobalSection(SolutionConfigurationPlatforms) = preSolution
		Debug|Any CPU = Debug|Any CPU
		Release|Any CPU = Release|Any CPU
	EndGlobalSection
	GlobalSection(SolutionProperties) = preSolution
		HideSolutionNode = FALSE
	EndGlobalSection
	GlobalSection(ProjectConfigurationPlatforms) = postSolution
		{5E92D5FB-6E25-4271-AFB6-BFE0D7A6129C}.Debug|Any CPU.ActiveCfg = Debug|Any CPU
		{5E92D5FB-6E25-4271-AFB6-BFE0D7A6129C}.Debug|Any CPU.Build.0 = Debug|Any CPU
		{5E92D5FB-6E25-4271-AFB6-BFE0D7A6129C}.Release|Any CPU.ActiveCfg = Release|Any CPU
		{5E92D5FB-6E25-4271-AFB6-BFE0D7A6129C}.Release|Any CPU.Build.0 = Release|Any CPU
		{8DD32730-DBDD-4F35-856B-823473A835F0}.Debug|Any CPU.ActiveCfg = Debug|Any CPU
		{8DD32730-DBDD-4F35-856B-823473A835F0}.Debug|Any CPU.Build.0 = Debug|Any CPU
		{8DD32730-DBDD-4F35-856B-823473A835F0}.Release|Any CPU.ActiveCfg = Release|Any CPU
		{8DD32730-DBDD-4F35-856B-823473A835F0}.Release|Any CPU.Build.0 = Release|Any CPU
		{CE6C2E3A-B5C1-4E94-939E-D6E0AB4C3716}.Debug|Any CPU.ActiveCfg = Debug|Any CPU
		{CE6C2E3A-B5C1-4E94-939E-D6E0AB4C3716}.Debug|Any CPU.Build.0 = Debug|Any CPU
		{CE6C2E3A-B5C1-4E94-939E-D6E0AB4C3716}.Release|Any CPU.ActiveCfg = Release|Any CPU
		{CE6C2E3A-B5C1-4E94-939E-D6E0AB4C3716}.Release|Any CPU.Build.0 = Release|Any CPU
		{30E86494-25FF-4CD8-BEBC-C3993B713B6D}.Debug|Any CPU.ActiveCfg = Debug|Any CPU
		{30E86494-25FF-4CD8-BEBC-C3993B713B6D}.Debug|Any CPU.Build.0 = Debug|Any CPU
		{30E86494-25FF-4CD8-BEBC-C3993B713B6D}.Release|Any CPU.ActiveCfg = Release|Any CPU
		{30E86494-25FF-4CD8-BEBC-C3993B713B6D}.Release|Any CPU.Build.0 = Release|Any CPU
		{6F0512D9-D938-4A5B-A188-018ADDDB159E}.Debug|Any CPU.ActiveCfg = Debug|Any CPU
		{6F0512D9-D938-4A5B-A188-018ADDDB159E}.Debug|Any CPU.Build.0 = Debug|Any CPU
		{6F0512D9-D938-4A5B-A188-018ADDDB159E}.Release|Any CPU.ActiveCfg = Release|Any CPU
		{6F0512D9-D938-4A5B-A188-018ADDDB159E}.Release|Any CPU.Build.0 = Release|Any CPU
		{83D99311-F675-4F67-AA89-303184429FBF}.Debug|Any CPU.ActiveCfg = Debug|Any CPU
		{83D99311-F675-4F67-AA89-303184429FBF}.Debug|Any CPU.Build.0 = Debug|Any CPU
		{83D99311-F675-4F67-AA89-303184429FBF}.Release|Any CPU.ActiveCfg = Release|Any CPU
		{83D99311-F675-4F67-AA89-303184429FBF}.Release|Any CPU.Build.0 = Release|Any CPU
		{05DC836B-5FC3-47D7-A4E3-FEBF954384A6}.Debug|Any CPU.ActiveCfg = Debug|Any CPU
		{05DC836B-5FC3-47D7-A4E3-FEBF954384A6}.Debug|Any CPU.Build.0 = Debug|Any CPU
		{05DC836B-5FC3-47D7-A4E3-FEBF954384A6}.Release|Any CPU.ActiveCfg = Release|Any CPU
		{05DC836B-5FC3-47D7-A4E3-FEBF954384A6}.Release|Any CPU.Build.0 = Release|Any CPU
		{64B5334A-8BE8-4E89-B808-15EE0A2163A4}.Debug|Any CPU.ActiveCfg = Debug|Any CPU
		{64B5334A-8BE8-4E89-B808-15EE0A2163A4}.Debug|Any CPU.Build.0 = Debug|Any CPU
		{64B5334A-8BE8-4E89-B808-15EE0A2163A4}.Release|Any CPU.ActiveCfg = Release|Any CPU
		{64B5334A-8BE8-4E89-B808-15EE0A2163A4}.Release|Any CPU.Build.0 = Release|Any CPU
		{7A918EED-9AE2-4AE3-B693-0CF40C050C42}.Debug|Any CPU.ActiveCfg = Debug|Any CPU
		{7A918EED-9AE2-4AE3-B693-0CF40C050C42}.Debug|Any CPU.Build.0 = Debug|Any CPU
		{7A918EED-9AE2-4AE3-B693-0CF40C050C42}.Release|Any CPU.ActiveCfg = Release|Any CPU
		{7A918EED-9AE2-4AE3-B693-0CF40C050C42}.Release|Any CPU.Build.0 = Release|Any CPU
		{9B5170EF-2926-4BA6-9D84-1E5FCCE98BB7}.Debug|Any CPU.ActiveCfg = Debug|Any CPU
		{9B5170EF-2926-4BA6-9D84-1E5FCCE98BB7}.Debug|Any CPU.Build.0 = Debug|Any CPU
		{9B5170EF-2926-4BA6-9D84-1E5FCCE98BB7}.Release|Any CPU.ActiveCfg = Release|Any CPU
		{9B5170EF-2926-4BA6-9D84-1E5FCCE98BB7}.Release|Any CPU.Build.0 = Release|Any CPU
		{7295946D-38E0-45E3-BA73-F824BAE1E3DB}.Debug|Any CPU.ActiveCfg = Debug|Any CPU
		{7295946D-38E0-45E3-BA73-F824BAE1E3DB}.Debug|Any CPU.Build.0 = Debug|Any CPU
		{7295946D-38E0-45E3-BA73-F824BAE1E3DB}.Release|Any CPU.ActiveCfg = Release|Any CPU
		{7295946D-38E0-45E3-BA73-F824BAE1E3DB}.Release|Any CPU.Build.0 = Release|Any CPU
		{4CDB7B02-263C-4EB8-A35F-ECD0BF6DF08E}.Debug|Any CPU.ActiveCfg = Debug|Any CPU
		{4CDB7B02-263C-4EB8-A35F-ECD0BF6DF08E}.Debug|Any CPU.Build.0 = Debug|Any CPU
		{4CDB7B02-263C-4EB8-A35F-ECD0BF6DF08E}.Release|Any CPU.ActiveCfg = Release|Any CPU
		{4CDB7B02-263C-4EB8-A35F-ECD0BF6DF08E}.Release|Any CPU.Build.0 = Release|Any CPU
		{F04D4177-7C55-4FCC-A13B-58D7AB1EA693}.Debug|Any CPU.ActiveCfg = Debug|Any CPU
		{F04D4177-7C55-4FCC-A13B-58D7AB1EA693}.Debug|Any CPU.Build.0 = Debug|Any CPU
		{F04D4177-7C55-4FCC-A13B-58D7AB1EA693}.Release|Any CPU.ActiveCfg = Release|Any CPU
		{F04D4177-7C55-4FCC-A13B-58D7AB1EA693}.Release|Any CPU.Build.0 = Release|Any CPU
		{F25D7672-0E40-4BBE-8088-4F0D6E1D4848}.Debug|Any CPU.ActiveCfg = Debug|Any CPU
		{F25D7672-0E40-4BBE-8088-4F0D6E1D4848}.Debug|Any CPU.Build.0 = Debug|Any CPU
		{F25D7672-0E40-4BBE-8088-4F0D6E1D4848}.Release|Any CPU.ActiveCfg = Release|Any CPU
		{F25D7672-0E40-4BBE-8088-4F0D6E1D4848}.Release|Any CPU.Build.0 = Release|Any CPU
		{C9549021-CE07-4800-9ADB-33AFE837B9E0}.Debug|Any CPU.ActiveCfg = Debug|Any CPU
		{C9549021-CE07-4800-9ADB-33AFE837B9E0}.Debug|Any CPU.Build.0 = Debug|Any CPU
		{C9549021-CE07-4800-9ADB-33AFE837B9E0}.Release|Any CPU.ActiveCfg = Release|Any CPU
		{C9549021-CE07-4800-9ADB-33AFE837B9E0}.Release|Any CPU.Build.0 = Release|Any CPU
		{D3B3ADC7-EF09-4EEE-97CD-9CBFCEE9DFA1}.Debug|Any CPU.ActiveCfg = Debug|Any CPU
		{D3B3ADC7-EF09-4EEE-97CD-9CBFCEE9DFA1}.Debug|Any CPU.Build.0 = Debug|Any CPU
		{D3B3ADC7-EF09-4EEE-97CD-9CBFCEE9DFA1}.Release|Any CPU.ActiveCfg = Release|Any CPU
		{D3B3ADC7-EF09-4EEE-97CD-9CBFCEE9DFA1}.Release|Any CPU.Build.0 = Release|Any CPU
		{F04BB512-DA86-43A5-8195-6D9846A0C5DD}.Debug|Any CPU.ActiveCfg = Debug|Any CPU
		{F04BB512-DA86-43A5-8195-6D9846A0C5DD}.Debug|Any CPU.Build.0 = Debug|Any CPU
		{F04BB512-DA86-43A5-8195-6D9846A0C5DD}.Release|Any CPU.ActiveCfg = Release|Any CPU
		{F04BB512-DA86-43A5-8195-6D9846A0C5DD}.Release|Any CPU.Build.0 = Release|Any CPU
		{CBBA8807-45C6-4413-9F1E-789AC2809EA0}.Debug|Any CPU.ActiveCfg = Debug|Any CPU
		{CBBA8807-45C6-4413-9F1E-789AC2809EA0}.Debug|Any CPU.Build.0 = Debug|Any CPU
		{CBBA8807-45C6-4413-9F1E-789AC2809EA0}.Release|Any CPU.ActiveCfg = Release|Any CPU
		{CBBA8807-45C6-4413-9F1E-789AC2809EA0}.Release|Any CPU.Build.0 = Release|Any CPU
		{C9176885-C7D3-40EB-9A2E-68AEFA2C4CA6}.Debug|Any CPU.ActiveCfg = Debug|Any CPU
		{C9176885-C7D3-40EB-9A2E-68AEFA2C4CA6}.Debug|Any CPU.Build.0 = Debug|Any CPU
		{C9176885-C7D3-40EB-9A2E-68AEFA2C4CA6}.Release|Any CPU.ActiveCfg = Release|Any CPU
		{C9176885-C7D3-40EB-9A2E-68AEFA2C4CA6}.Release|Any CPU.Build.0 = Release|Any CPU
		{1AE35331-5F80-4BE2-A610-499207DB8961}.Debug|Any CPU.ActiveCfg = Debug|Any CPU
		{1AE35331-5F80-4BE2-A610-499207DB8961}.Debug|Any CPU.Build.0 = Debug|Any CPU
		{1AE35331-5F80-4BE2-A610-499207DB8961}.Release|Any CPU.ActiveCfg = Release|Any CPU
		{1AE35331-5F80-4BE2-A610-499207DB8961}.Release|Any CPU.Build.0 = Release|Any CPU
		{2A326B3D-62C9-4ABA-A50E-22272853DE65}.Debug|Any CPU.ActiveCfg = Debug|Any CPU
		{2A326B3D-62C9-4ABA-A50E-22272853DE65}.Debug|Any CPU.Build.0 = Debug|Any CPU
		{2A326B3D-62C9-4ABA-A50E-22272853DE65}.Release|Any CPU.ActiveCfg = Release|Any CPU
		{2A326B3D-62C9-4ABA-A50E-22272853DE65}.Release|Any CPU.Build.0 = Release|Any CPU
		{D2A57C21-ECB9-4CE3-A206-D2508EA712BB}.Debug|Any CPU.ActiveCfg = Debug|Any CPU
		{D2A57C21-ECB9-4CE3-A206-D2508EA712BB}.Debug|Any CPU.Build.0 = Debug|Any CPU
		{D2A57C21-ECB9-4CE3-A206-D2508EA712BB}.Release|Any CPU.ActiveCfg = Release|Any CPU
		{D2A57C21-ECB9-4CE3-A206-D2508EA712BB}.Release|Any CPU.Build.0 = Release|Any CPU
		{C121E188-842C-4D60-B093-77602F135E77}.Debug|Any CPU.ActiveCfg = Debug|Any CPU
		{C121E188-842C-4D60-B093-77602F135E77}.Debug|Any CPU.Build.0 = Debug|Any CPU
		{C121E188-842C-4D60-B093-77602F135E77}.Release|Any CPU.ActiveCfg = Release|Any CPU
		{C121E188-842C-4D60-B093-77602F135E77}.Release|Any CPU.Build.0 = Release|Any CPU
		{519D6A36-BBAA-468B-83DA-E6DD5665E8F1}.Debug|Any CPU.ActiveCfg = Debug|Any CPU
		{519D6A36-BBAA-468B-83DA-E6DD5665E8F1}.Debug|Any CPU.Build.0 = Debug|Any CPU
		{519D6A36-BBAA-468B-83DA-E6DD5665E8F1}.Release|Any CPU.ActiveCfg = Release|Any CPU
		{519D6A36-BBAA-468B-83DA-E6DD5665E8F1}.Release|Any CPU.Build.0 = Release|Any CPU
		{0A209201-855F-4390-B5F5-9FAE5E0D6464}.Debug|Any CPU.ActiveCfg = Debug|Any CPU
		{0A209201-855F-4390-B5F5-9FAE5E0D6464}.Debug|Any CPU.Build.0 = Debug|Any CPU
		{0A209201-855F-4390-B5F5-9FAE5E0D6464}.Release|Any CPU.ActiveCfg = Release|Any CPU
		{0A209201-855F-4390-B5F5-9FAE5E0D6464}.Release|Any CPU.Build.0 = Release|Any CPU
		{FF0BA986-A180-49C7-A613-BE3498B1F9B5}.Debug|Any CPU.ActiveCfg = Debug|Any CPU
		{FF0BA986-A180-49C7-A613-BE3498B1F9B5}.Debug|Any CPU.Build.0 = Debug|Any CPU
		{FF0BA986-A180-49C7-A613-BE3498B1F9B5}.Release|Any CPU.ActiveCfg = Release|Any CPU
		{FF0BA986-A180-49C7-A613-BE3498B1F9B5}.Release|Any CPU.Build.0 = Release|Any CPU
		{113AEADD-F794-4DE5-8D82-05D4A5122791}.Debug|Any CPU.ActiveCfg = Debug|Any CPU
		{113AEADD-F794-4DE5-8D82-05D4A5122791}.Debug|Any CPU.Build.0 = Debug|Any CPU
		{113AEADD-F794-4DE5-8D82-05D4A5122791}.Release|Any CPU.ActiveCfg = Release|Any CPU
		{113AEADD-F794-4DE5-8D82-05D4A5122791}.Release|Any CPU.Build.0 = Release|Any CPU
		{F9329D55-37FC-43FD-8F7D-B6528CCA504C}.Debug|Any CPU.ActiveCfg = Debug|Any CPU
		{F9329D55-37FC-43FD-8F7D-B6528CCA504C}.Debug|Any CPU.Build.0 = Debug|Any CPU
		{F9329D55-37FC-43FD-8F7D-B6528CCA504C}.Release|Any CPU.ActiveCfg = Release|Any CPU
		{F9329D55-37FC-43FD-8F7D-B6528CCA504C}.Release|Any CPU.Build.0 = Release|Any CPU
		{D422277A-1EB0-4085-8522-9114C8510C7B}.Debug|Any CPU.ActiveCfg = Debug|Any CPU
		{D422277A-1EB0-4085-8522-9114C8510C7B}.Debug|Any CPU.Build.0 = Debug|Any CPU
		{D422277A-1EB0-4085-8522-9114C8510C7B}.Release|Any CPU.ActiveCfg = Release|Any CPU
		{D422277A-1EB0-4085-8522-9114C8510C7B}.Release|Any CPU.Build.0 = Release|Any CPU
		{5B3FD07E-C123-4F62-8CC6-31443768142A}.Debug|Any CPU.ActiveCfg = Debug|Any CPU
		{5B3FD07E-C123-4F62-8CC6-31443768142A}.Debug|Any CPU.Build.0 = Debug|Any CPU
		{5B3FD07E-C123-4F62-8CC6-31443768142A}.Release|Any CPU.ActiveCfg = Release|Any CPU
		{5B3FD07E-C123-4F62-8CC6-31443768142A}.Release|Any CPU.Build.0 = Release|Any CPU
	EndGlobalSection
	GlobalSection(NestedProjects) = preSolution
		{19B01E5A-661D-4C64-ADFD-818611B2B0AC} = {D7D1DF24-DF3E-4D1E-8545-7378BD28951B}
		{2C595EB4-116E-4D72-95C3-55DDE3BD0C76} = {19B01E5A-661D-4C64-ADFD-818611B2B0AC}
		{D3B3ADC7-EF09-4EEE-97CD-9CBFCEE9DFA1} = {2C595EB4-116E-4D72-95C3-55DDE3BD0C76}
		{F04BB512-DA86-43A5-8195-6D9846A0C5DD} = {2C595EB4-116E-4D72-95C3-55DDE3BD0C76}
		{6C026564-C137-4DC6-B026-793BD606B04D} = {D7D1DF24-DF3E-4D1E-8545-7378BD28951B}
		{37D458E8-273F-4AAE-B06C-06C460D188C3} = {6C026564-C137-4DC6-B026-793BD606B04D}
		{CBBA8807-45C6-4413-9F1E-789AC2809EA0} = {37D458E8-273F-4AAE-B06C-06C460D188C3}
		{C9176885-C7D3-40EB-9A2E-68AEFA2C4CA6} = {2C595EB4-116E-4D72-95C3-55DDE3BD0C76}
		{C906B309-4679-4909-83FF-B13C02648D70} = {6C026564-C137-4DC6-B026-793BD606B04D}
		{1AE35331-5F80-4BE2-A610-499207DB8961} = {C906B309-4679-4909-83FF-B13C02648D70}
		{2A326B3D-62C9-4ABA-A50E-22272853DE65} = {2C595EB4-116E-4D72-95C3-55DDE3BD0C76}
		{D2A57C21-ECB9-4CE3-A206-D2508EA712BB} = {C906B309-4679-4909-83FF-B13C02648D70}
		{1E07D130-A3D9-49A3-B808-76839A90A71F} = {6C026564-C137-4DC6-B026-793BD606B04D}
		{C121E188-842C-4D60-B093-77602F135E77} = {1E07D130-A3D9-49A3-B808-76839A90A71F}
		{2C9E3C08-55EB-4066-9559-1F0E15336BD7} = {6C026564-C137-4DC6-B026-793BD606B04D}
		{519D6A36-BBAA-468B-83DA-E6DD5665E8F1} = {2C9E3C08-55EB-4066-9559-1F0E15336BD7}
		{85501BF7-60CB-42DD-B12A-953D589C3BD4} = {6C026564-C137-4DC6-B026-793BD606B04D}
		{113AEADD-F794-4DE5-8D82-05D4A5122791} = {85501BF7-60CB-42DD-B12A-953D589C3BD4}
		{F9329D55-37FC-43FD-8F7D-B6528CCA504C} = {2C9E3C08-55EB-4066-9559-1F0E15336BD7}
	EndGlobalSection
EndGlobal
